
Microsoft Visual Studio Solution File, Format Version 12.00
# Visual Studio Version 17
VisualStudioVersion = 17.0.32014.148
MinimumVisualStudioVersion = 10.0.40219.1
Project("{FAE04EC0-301F-11D3-BF4B-00C04F79EFBC}") = "HockeyCards", "HockeyCards.csproj", "{40746394-94E4-4657-8F62-A18C83075219}"
EndProject
Global
	GlobalSection(SolutionConfigurationPlatforms) = preSolution
		Debug|Any CPU = Debug|Any CPU
		Release|Any CPU = Release|Any CPU
	EndGlobalSection
	GlobalSection(ProjectConfigurationPlatforms) = postSolution
		{40746394-94E4-4657-8F62-A18C83075219}.Debug|Any CPU.ActiveCfg = Debug|Any CPU
		{40746394-94E4-4657-8F62-A18C83075219}.Debug|Any CPU.Build.0 = Debug|Any CPU
		{40746394-94E4-4657-8F62-A18C83075219}.Release|Any CPU.ActiveCfg = Release|Any CPU
		{40746394-94E4-4657-8F62-A18C83075219}.Release|Any CPU.Build.0 = Release|Any CPU
	EndGlobalSection
	GlobalSection(SolutionProperties) = preSolution
		HideSolutionNode = FALSE
	EndGlobalSection
	GlobalSection(ExtensibilityGlobals) = postSolution
		SolutionGuid = {339FC4FD-FCAB-4AC3-A46F-78B657E693AF}
	EndGlobalSection
EndGlobal
